
Microsoft Visual Studio Solution File, Format Version 12.00
# Visual Studio Version 17
VisualStudioVersion = 17.1.32210.238
MinimumVisualStudioVersion = 10.0.40219.1
Project("{FAE04EC0-301F-11D3-BF4B-00C04F79EFBC}") = "TgBot", "TgBot\TgBot.csproj", "{762F676F-82A9-43B0-A8C4-90102B7579B3}"
EndProject
Global
	GlobalSection(SolutionConfigurationPlatforms) = preSolution
		Debug|Any CPU = Debug|Any CPU
		Release|Any CPU = Release|Any CPU
	EndGlobalSection
	GlobalSection(ProjectConfigurationPlatforms) = postSolution
		{762F676F-82A9-43B0-A8C4-90102B7579B3}.Debug|Any CPU.ActiveCfg = Debug|Any CPU
		{762F676F-82A9-43B0-A8C4-90102B7579B3}.Debug|Any CPU.Build.0 = Debug|Any CPU
		{762F676F-82A9-43B0-A8C4-90102B7579B3}.Release|Any CPU.ActiveCfg = Release|Any CPU
		{762F676F-82A9-43B0-A8C4-90102B7579B3}.Release|Any CPU.Build.0 = Release|Any CPU
	EndGlobalSection
	GlobalSection(SolutionProperties) = preSolution
		HideSolutionNode = FALSE
	EndGlobalSection
	GlobalSection(ExtensibilityGlobals) = postSolution
		SolutionGuid = {5D1722EE-47C8-4AA4-B9B3-6B7EC4A9A3A3}
	EndGlobalSection
EndGlobal
